
Microsoft Visual Studio Solution File, Format Version 12.00
# Visual Studio Version 16
VisualStudioVersion = 16.0.30621.155
MinimumVisualStudioVersion = 10.0.40219.1
Project("{FAE04EC0-301F-11D3-BF4B-00C04F79EFBC}") = "Com_Server_Project", "Com_Server_Project\Com_Server_Project.csproj", "{898DD40E-8BB1-4562-8886-474D50D68102}"
EndProject
Global
	GlobalSection(SolutionConfigurationPlatforms) = preSolution
		Debug|Any CPU = Debug|Any CPU
		Release|Any CPU = Release|Any CPU
	EndGlobalSection
	GlobalSection(ProjectConfigurationPlatforms) = postSolution
		{898DD40E-8BB1-4562-8886-474D50D68102}.Debug|Any CPU.ActiveCfg = Debug|Any CPU
		{898DD40E-8BB1-4562-8886-474D50D68102}.Debug|Any CPU.Build.0 = Debug|Any CPU
		{898DD40E-8BB1-4562-8886-474D50D68102}.Release|Any CPU.ActiveCfg = Release|Any CPU
		{898DD40E-8BB1-4562-8886-474D50D68102}.Release|Any CPU.Build.0 = Release|Any CPU
	EndGlobalSection
	GlobalSection(SolutionProperties) = preSolution
		HideSolutionNode = FALSE
	EndGlobalSection
	GlobalSection(ExtensibilityGlobals) = postSolution
		SolutionGuid = {54F6FEAE-6EEA-4864-89C5-06E2B77D8EDF}
	EndGlobalSection
EndGlobal
